
Microsoft Visual Studio Solution File, Format Version 12.00
# Visual Studio Version 17
VisualStudioVersion = 17.4.33213.308
MinimumVisualStudioVersion = 10.0.40219.1
Project("{FAE04EC0-301F-11D3-BF4B-00C04F79EFBC}") = "TriangleTest", "TriangleTest.csproj", "{EFD7C505-837F-4B14-A252-60A116CAAB00}"
EndProject
Global
	GlobalSection(SolutionConfigurationPlatforms) = preSolution
		Debug|Any CPU = Debug|Any CPU
		Release|Any CPU = Release|Any CPU
	EndGlobalSection
	GlobalSection(ProjectConfigurationPlatforms) = postSolution
		{EFD7C505-837F-4B14-A252-60A116CAAB00}.Debug|Any CPU.ActiveCfg = Debug|Any CPU
		{EFD7C505-837F-4B14-A252-60A116CAAB00}.Debug|Any CPU.Build.0 = Debug|Any CPU
		{EFD7C505-837F-4B14-A252-60A116CAAB00}.Release|Any CPU.ActiveCfg = Release|Any CPU
		{EFD7C505-837F-4B14-A252-60A116CAAB00}.Release|Any CPU.Build.0 = Release|Any CPU
	EndGlobalSection
	GlobalSection(SolutionProperties) = preSolution
		HideSolutionNode = FALSE
	EndGlobalSection
	GlobalSection(ExtensibilityGlobals) = postSolution
		SolutionGuid = {E67BE1E8-DC4A-439B-9F98-212B1302C3A1}
	EndGlobalSection
EndGlobal
